{
  "name": "sparqlet-runner",
  "version": "1.0.0",
  "lockfileVersion": 1,
  "requires": true,
  "dependencies": {
    "commander": {
      "version": "7.2.0",
      "resolved": "https://registry.npmjs.org/commander/-/commander-7.2.0.tgz",
      "integrity": "sha512-QrWXB+ZQSVPmIWIhtEO9H+gwHaMGYiF5ChvoJ+K9ZGHG/sVsa6yiesAD1GC/x46sET00Xlwo1u49RVVVzvcSkw=="
    },
    "commonmark": {
      "version": "0.29.3",
      "resolved": "https://registry.npmjs.org/commonmark/-/commonmark-0.29.3.tgz",
      "integrity": "sha512-fvt/NdOFKaL2gyhltSy6BC4LxbbxbnPxBMl923ittqO/JBM0wQHaoYZliE4tp26cRxX/ZZtRsJlZzQrVdUkXAA==",
      "requires": {
        "entities": "~2.0",
        "mdurl": "~1.0.1",
        "minimist": ">=1.2.2",
        "string.prototype.repeat": "^0.2.0"
      }
    },
    "entities": {
      "version": "2.0.3",
      "resolved": "https://registry.npmjs.org/entities/-/entities-2.0.3.tgz",
      "integrity": "sha512-MyoZ0jgnLvB2X3Lg5HqpFmn1kybDiIfEQmKzTb5apr51Rb+T3KdmMiqa70T+bhGnyv7bQ6WMj2QMHpGMmlrUYQ=="
    },
    "fontoxpath": {
      "version": "3.17.2",
      "resolved": "https://registry.npmjs.org/fontoxpath/-/fontoxpath-3.17.2.tgz",
      "integrity": "sha512-+Lm7dHifsp+t+kA1NLCZLUPzxqKJ6uy0IljdVS+tMpoQNiSlttr7e/Cfg9DwgvQL7HWzTT7I54vxCPSAiQkzYw==",
      "requires": {
        "xspattern": "^2.0.0"
      }
    },
    "mdurl": {
      "version": "1.0.1",
      "resolved": "https://registry.npmjs.org/mdurl/-/mdurl-1.0.1.tgz",
      "integrity": "sha1-/oWy7HWlkDfyrf7BAP1sYBdhFS4="
    },
    "minimist": {
      "version": "1.2.5",
      "resolved": "https://registry.npmjs.org/minimist/-/minimist-1.2.5.tgz",
      "integrity": "sha512-FM9nNUYrRBAELZQT3xeZQ7fmMOBg6nWNmJKTcgsJeaLstP/UODVpGsr5OhXhhXg6f+qtJ8uiZ+PUxkDWcgIXLw=="
    },
    "parse5": {
      "version": "6.0.1",
      "resolved": "https://registry.npmjs.org/parse5/-/parse5-6.0.1.tgz",
      "integrity": "sha512-Ofn/CTFzRGTTxwpNEs9PP93gXShHcTq255nzRYSKe8AkVpZY7e1fpmTfOyoIvjP5HG7Z2ZM7VS9PPhQGW2pOpw=="
    },
    "prsc": {
      "version": "2.0.1",
      "resolved": "https://registry.npmjs.org/prsc/-/prsc-2.0.1.tgz",
      "integrity": "sha512-SC6yOsjsSRxPVo/3M6tMykFLCAWvzpCASNbHhkpXQX9expqWJ+GlrarhvF55OX0XwN2U/+b1vKPrhjrdT68dyw=="
    },
    "saxes": {
      "version": "5.0.1",
      "resolved": "https://registry.npmjs.org/saxes/-/saxes-5.0.1.tgz",
      "integrity": "sha512-5LBh1Tls8c9xgGjw3QrMwETmTMVk0oFgvrFSvWx62llR2hcEInrKNZ2GZCCuuy2lvWrdl5jhbpeqc5hRYKFOcw==",
      "requires": {
        "xmlchars": "^2.2.0"
      }
    },
    "slimdom": {
      "version": "2.3.2",
      "resolved": "https://registry.npmjs.org/slimdom/-/slimdom-2.3.2.tgz",
      "integrity": "sha512-zFsKlkGyYRxRhSIoQSKzcHfRhlCNE9Sl87SLcLp8NitcoEufts+oCckDvHTkj8EhzQlPG9gmB+9qbV+iXQTlUg=="
    },
    "slimdom-sax-parser": {
      "version": "1.4.0",
      "resolved": "https://registry.npmjs.org/slimdom-sax-parser/-/slimdom-sax-parser-1.4.0.tgz",
      "integrity": "sha512-WC3wtMwmHQPYLhnJTkI72JppGrGP0T+VHleTMwmBcOjve8FQlAAWWwYsoTtkfbt2t8ekvtQzvW5r1jnpsiK2Tw==",
      "requires": {
        "saxes": "^5.0.1",
        "slimdom": "^2.3.2"
      }
    },
    "string.prototype.repeat": {
      "version": "0.2.0",
      "resolved": "https://registry.npmjs.org/string.prototype.repeat/-/string.prototype.repeat-0.2.0.tgz",
      "integrity": "sha1-q6Nt4I3O5qWjN9SbLqHaGyj8Ds8="
    },
    "whynot": {
      "version": "4.0.0",
      "resolved": "https://registry.npmjs.org/whynot/-/whynot-4.0.0.tgz",
      "integrity": "sha512-dnIPzjyDaTu1Yjv7koEu0cxKx7Zq9ZuXM7bO3ZvG5PNgFuMp7+E4+ZkVUo4Ei73Zixwu04ahOf58SPcH+KA4oQ=="
    },
    "xmlchars": {
      "version": "2.2.0",
      "resolved": "https://registry.npmjs.org/xmlchars/-/xmlchars-2.2.0.tgz",
      "integrity": "sha512-JZnDKK8B0RCDw84FNdDAIpZK+JuJw+s7Lz8nksI7SIuU3UXJJslUthsi+uWBUYOwPFwW7W7PRLRfUKpxjtjFCw=="
    },
    "xmlserializer": {
      "version": "0.6.1",
      "resolved": "https://registry.npmjs.org/xmlserializer/-/xmlserializer-0.6.1.tgz",
      "integrity": "sha512-FNb0eEqqUUbnuvxuHqNuKH8qCGKqxu+558Zi8UzOoQk8Z9LdvpONK+v7m3gpKVHrk5Aq+0nNLsKxu/6OYh7Umw=="
    },
    "xspattern": {
      "version": "2.0.0",
      "resolved": "https://registry.npmjs.org/xspattern/-/xspattern-2.0.0.tgz",
      "integrity": "sha512-qLm7YxG2BV0GFYO9+PaILaTeYLFb72nRNkfYJBGvgMC6q8w8OXElNqMsYBlZGUlPUiUzk6edId7FWj+EZ2ltSQ==",
      "requires": {
        "prsc": "^2.0.1",
        "whynot": "^4.0.0"
      }
    }
  }
}
